// !$*UTF8*$!
{
	archiveVersion = 1;
	classes = {
	};
	objectVersion = 50;
	objects = {

/* Begin PBXBuildFile section */
		EFD6B03026B39D1800EBF0ED /* CrawlMiniProject1.swift in Sources */ = {isa = PBXBuildFile; fileRef = EFD6B02F26B39D1800EBF0ED /* CrawlMiniProject1.swift */; };
		EFFAC01D26B0A8DD0099F93C /* main.swift in Sources */ = {isa = PBXBuildFile; fileRef = EFFAC01C26B0A8DD0099F93C /* main.swift */; };
		EFFAC02426B0A9540099F93C /* RecursionAssignment1.swift in Sources */ = {isa = PBXBuildFile; fileRef = EFFAC02326B0A9540099F93C /* RecursionAssignment1.swift */; };
		EFFAC02726B0A9AF0099F93C /* String+DPStringTool.swift in Sources */ = {isa = PBXBuildFile; fileRef = EFFAC02626B0A9AF0099F93C /* String+DPStringTool.swift */; };
/* End PBXBuildFile section */

/* Begin PBXCopyFilesBuildPhase section */
		EFFAC01726B0A8DD0099F93C /* CopyFiles */ = {
			isa = PBXCopyFilesBuildPhase;
			buildActionMask = 2147483647;
			dstPath = /usr/share/man/man1/;
			dstSubfolderSpec = 0;
			files = (
			);
			runOnlyForDeploymentPostprocessing = 1;
		};
/* End PBXCopyFilesBuildPhase section */

/* Begin PBXFileReference section */
		EFD6B02F26B39D1800EBF0ED /* CrawlMiniProject1.swift */ = {isa = PBXFileReference; lastKnownFileType = sourcecode.swift; path = CrawlMiniProject1.swift; sourceTree = "<group>"; };
		EFFAC01926B0A8DD0099F93C /* SwiftDSA */ = {isa = PBXFileReference; explicitFileType = "compiled.mach-o.executable"; includeInIndex = 0; path = SwiftDSA; sourceTree = BUILT_PRODUCTS_DIR; };
		EFFAC01C26B0A8DD0099F93C /* main.swift */ = {isa = PBXFileReference; lastKnownFileType = sourcecode.swift; path = main.swift; sourceTree = "<group>"; };
		EFFAC02326B0A9540099F93C /* RecursionAssignment1.swift */ = {isa = PBXFileReference; lastKnownFileType = sourcecode.swift; path = RecursionAssignment1.swift; sourceTree = "<group>"; };
		EFFAC02626B0A9AF0099F93C /* String+DPStringTool.swift */ = {isa = PBXFileReference; lastKnownFileType = sourcecode.swift; path = "String+DPStringTool.swift"; sourceTree = "<group>"; };
/* End PBXFileReference section */

/* Begin PBXFrameworksBuildPhase section */
		EFFAC01626B0A8DD0099F93C /* Frameworks */ = {
			isa = PBXFrameworksBuildPhase;
			buildActionMask = 2147483647;
			files = (
			);
			runOnlyForDeploymentPostprocessing = 0;
		};
/* End PBXFrameworksBuildPhase section */

/* Begin PBXGroup section */
		EFFAC01026B0A8DC0099F93C = {
			isa = PBXGroup;
			children = (
				EFFAC02826B0A9BB0099F93C /* Utils */,
				EFFAC01B26B0A8DD0099F93C /* SwiftDSA */,
				EFFAC01A26B0A8DD0099F93C /* Products */,
			);
			sourceTree = "<group>";
		};
		EFFAC01A26B0A8DD0099F93C /* Products */ = {
			isa = PBXGroup;
			children = (
				EFFAC01926B0A8DD0099F93C /* SwiftDSA */,
			);
			name = Products;
			sourceTree = "<group>";
		};
		EFFAC01B26B0A8DD0099F93C /* SwiftDSA */ = {
			isa = PBXGroup;
			children = (
				EFFAC02326B0A9540099F93C /* RecursionAssignment1.swift */,
				EFD6B02F26B39D1800EBF0ED /* CrawlMiniProject1.swift */,
				EFFAC01C26B0A8DD0099F93C /* main.swift */,
			);
			path = SwiftDSA;
			sourceTree = "<group>";
		};
		EFFAC02826B0A9BB0099F93C /* Utils */ = {
			isa = PBXGroup;
			children = (
				EFFAC02626B0A9AF0099F93C /* String+DPStringTool.swift */,
			);
			path = Utils;
			sourceTree = "<group>";
		};
/* End PBXGroup section */

/* Begin PBXNativeTarget section */
		EFFAC01826B0A8DD0099F93C /* SwiftDSA */ = {
			isa = PBXNativeTarget;
			buildConfigurationList = EFFAC02026B0A8DD0099F93C /* Build configuration list for PBXNativeTarget "SwiftDSA" */;
			buildPhases = (
				EFFAC01526B0A8DD0099F93C /* Sources */,
				EFFAC01626B0A8DD0099F93C /* Frameworks */,
				EFFAC01726B0A8DD0099F93C /* CopyFiles */,
			);
			buildRules = (
			);
			dependencies = (
			);
			name = SwiftDSA;
			productName = SwiftDSA;
			productReference = EFFAC01926B0A8DD0099F93C /* SwiftDSA */;
			productType = "com.apple.product-type.tool";
		};
/* End PBXNativeTarget section */

/* Begin PBXProject section */
		EFFAC01126B0A8DC0099F93C /* Project object */ = {
			isa = PBXProject;
			attributes = {
				LastSwiftUpdateCheck = 1250;
				LastUpgradeCheck = 1250;
				TargetAttributes = {
					EFFAC01826B0A8DD0099F93C = {
						CreatedOnToolsVersion = 12.5.1;
					};
				};
			};
			buildConfigurationList = EFFAC01426B0A8DD0099F93C /* Build configuration list for PBXProject "SwiftDSA" */;
			compatibilityVersion = "Xcode 9.3";
			developmentRegion = en;
			hasScannedForEncodings = 0;
			knownRegions = (
				en,
				Base,
			);
			mainGroup = EFFAC01026B0A8DC0099F93C;
			productRefGroup = EFFAC01A26B0A8DD0099F93C /* Products */;
			projectDirPath = "";
			projectRoot = "";
			targets = (
				EFFAC01826B0A8DD0099F93C /* SwiftDSA */,
			);
		};
/* End PBXProject section */

/* Begin PBXSourcesBuildPhase section */
		EFFAC01526B0A8DD0099F93C /* Sources */ = {
			isa = PBXSourcesBuildPhase;
			buildActionMask = 2147483647;
			files = (
				EFD6B03026B39D1800EBF0ED /* CrawlMiniProject1.swift in Sources */,
				EFFAC02726B0A9AF0099F93C /* String+DPStringTool.swift in Sources */,
				EFFAC01D26B0A8DD0099F93C /* main.swift in Sources */,
				EFFAC02426B0A9540099F93C /* RecursionAssignment1.swift in Sources */,
			);
			runOnlyForDeploymentPostprocessing = 0;
		};
/* End PBXSourcesBuildPhase section */

/* Begin XCBuildConfiguration section */
		EFFAC01E26B0A8DD0099F93C /* Debug */ = {
			isa = XCBuildConfiguration;
			buildSettings = {
				ALWAYS_SEARCH_USER_PATHS = NO;
				CLANG_ANALYZER_NONNULL = YES;
				CLANG_ANALYZER_NUMBER_OBJECT_CONVERSION = YES_AGGRESSIVE;
				CLANG_CXX_LANGUAGE_STANDARD = "gnu++14";
				CLANG_CXX_LIBRARY = "libc++";
				CLANG_ENABLE_MODULES = YES;
				CLANG_ENABLE_OBJC_ARC = YES;
				CLANG_ENABLE_OBJC_WEAK = YES;
				CLANG_WARN_BLOCK_CAPTURE_AUTORELEASING = YES;
				CLANG_WARN_BOOL_CONVERSION = YES;
				CLANG_WARN_COMMA = YES;
				CLANG_WARN_CONSTANT_CONVERSION = YES;
				CLANG_WARN_DEPRECATED_OBJC_IMPLEMENTATIONS = YES;
				CLANG_WARN_DIRECT_OBJC_ISA_USAGE = YES_ERROR;
				CLANG_WARN_DOCUMENTATION_COMMENTS = YES;
				CLANG_WARN_EMPTY_BODY = YES;
				CLANG_WARN_ENUM_CONVERSION = YES;
				CLANG_WARN_INFINITE_RECURSION = YES;
				CLANG_WARN_INT_CONVERSION = YES;
				CLANG_WARN_NON_LITERAL_NULL_CONVERSION = YES;
				CLANG_WARN_OBJC_IMPLICIT_RETAIN_SELF = YES;
				CLANG_WARN_OBJC_LITERAL_CONVERSION = YES;
				CLANG_WARN_OBJC_ROOT_CLASS = YES_ERROR;
				CLANG_WARN_QUOTED_INCLUDE_IN_FRAMEWORK_HEADER = YES;
				CLANG_WARN_RANGE_LOOP_ANALYSIS = YES;
				CLANG_WARN_STRICT_PROTOTYPES = YES;
				CLANG_WARN_SUSPICIOUS_MOVE = YES;
				CLANG_WARN_UNGUARDED_AVAILABILITY = YES_AGGRESSIVE;
				CLANG_WARN_UNREACHABLE_CODE = YES;
				CLANG_WARN__DUPLICATE_METHOD_MATCH = YES;
				COPY_PHASE_STRIP = NO;
				DEBUG_INFORMATION_FORMAT = dwarf;
				ENABLE_STRICT_OBJC_MSGSEND = YES;
				ENABLE_TESTABILITY = YES;
				GCC_C_LANGUAGE_STANDARD = gnu11;
				GCC_DYNAMIC_NO_PIC = NO;
				GCC_NO_COMMON_BLOCKS = YES;
				GCC_OPTIMIZATION_LEVEL = 0;
				GCC_PREPROCESSOR_DEFINITIONS = (
					"DEBUG=1",
					"$(inherited)",
				);
				GCC_WARN_64_TO_32_BIT_CONVERSION = YES;
				GCC_WARN_ABOUT_RETURN_TYPE = YES_ERROR;
				GCC_WARN_UNDECLARED_SELECTOR = YES;
				GCC_WARN_UNINITIALIZED_AUTOS = YES_AGGRESSIVE;
				GCC_WARN_UNUSED_FUNCTION = YES;
				GCC_WARN_UNUSED_VARIABLE = YES;
				MACOSX_DEPLOYMENT_TARGET = 11.3;
				MTL_ENABLE_DEBUG_INFO = INCLUDE_SOURCE;
				MTL_FAST_MATH = YES;
				ONLY_ACTIVE_ARCH = YES;
				SDKROOT = macosx;
				SWIFT_ACTIVE_COMPILATION_CONDITIONS = DEBUG;
				SWIFT_OPTIMIZATION_LEVEL = "-Onone";
			};
			name = Debug;
		};
		EFFAC01F26B0A8DD0099F93C /* Release */ = {
			isa = XCBuildConfiguration;
			buildSettings = {
				ALWAYS_SEARCH_USER_PATHS = NO;
				CLANG_ANALYZER_NONNULL = YES;
				CLANG_ANALYZER_NUMBER_OBJECT_CONVERSION = YES_AGGRESSIVE;
				CLANG_CXX_LANGUAGE_STANDARD = "gnu++14";
				CLANG_CXX_LIBRARY = "libc++";
				CLANG_ENABLE_MODULES = YES;
				CLANG_ENABLE_OBJC_ARC = YES;
				CLANG_ENABLE_OBJC_WEAK = YES;
				CLANG_WARN_BLOCK_CAPTURE_AUTORELEASING = YES;
				CLANG_WARN_BOOL_CONVERSION = YES;
				CLANG_WARN_COMMA = YES;
				CLANG_WARN_CONSTANT_CONVERSION = YES;
				CLANG_WARN_DEPRECATED_OBJC_IMPLEMENTATIONS = YES;
				CLANG_WARN_DIRECT_OBJC_ISA_USAGE = YES_ERROR;
				CLANG_WARN_DOCUMENTATION_COMMENTS = YES;
				CLANG_WARN_EMPTY_BODY = YES;
				CLANG_WARN_ENUM_CONVERSION = YES;
				CLANG_WARN_INFINITE_RECURSION = YES;
				CLANG_WARN_INT_CONVERSION = YES;
				CLANG_WARN_NON_LITERAL_NULL_CONVERSION = YES;
				CLANG_WARN_OBJC_IMPLICIT_RETAIN_SELF = YES;
				CLANG_WARN_OBJC_LITERAL_CONVERSION = YES;
				CLANG_WARN_OBJC_ROOT_CLASS = YES_ERROR;
				CLANG_WARN_QUOTED_INCLUDE_IN_FRAMEWORK_HEADER = YES;
				CLANG_WARN_RANGE_LOOP_ANALYSIS = YES;
				CLANG_WARN_STRICT_PROTOTYPES = YES;
				CLANG_WARN_SUSPICIOUS_MOVE = YES;
				CLANG_WARN_UNGUARDED_AVAILABILITY = YES_AGGRESSIVE;
				CLANG_WARN_UNREACHABLE_CODE = YES;
				CLANG_WARN__DUPLICATE_METHOD_MATCH = YES;
				COPY_PHASE_STRIP = NO;
				DEBUG_INFORMATION_FORMAT = "dwarf-with-dsym";
				ENABLE_NS_ASSERTIONS = NO;
				ENABLE_STRICT_OBJC_MSGSEND = YES;
				GCC_C_LANGUAGE_STANDARD = gnu11;
				GCC_NO_COMMON_BLOCKS = YES;
				GCC_WARN_64_TO_32_BIT_CONVERSION = YES;
				GCC_WARN_ABOUT_RETURN_TYPE = YES_ERROR;
				GCC_WARN_UNDECLARED_SELECTOR = YES;
				GCC_WARN_UNINITIALIZED_AUTOS = YES_AGGRESSIVE;
				GCC_WARN_UNUSED_FUNCTION = YES;
				GCC_WARN_UNUSED_VARIABLE = YES;
				MACOSX_DEPLOYMENT_TARGET = 11.3;
				MTL_ENABLE_DEBUG_INFO = NO;
				MTL_FAST_MATH = YES;
				SDKROOT = macosx;
				SWIFT_COMPILATION_MODE = wholemodule;
				SWIFT_OPTIMIZATION_LEVEL = "-O";
			};
			name = Release;
		};
		EFFAC02126B0A8DD0099F93C /* Debug */ = {
			isa = XCBuildConfiguration;
			buildSettings = {
				CODE_SIGN_STYLE = Automatic;
				DEVELOPMENT_TEAM = 3YU877859X;
				ENABLE_HARDENED_RUNTIME = YES;
				PRODUCT_NAME = "$(TARGET_NAME)";
				SWIFT_VERSION = 5.0;
			};
			name = Debug;
		};
		EFFAC02226B0A8DD0099F93C /* Release */ = {
			isa = XCBuildConfiguration;
			buildSettings = {
				CODE_SIGN_STYLE = Automatic;
				DEVELOPMENT_TEAM = 3YU877859X;
				ENABLE_HARDENED_RUNTIME = YES;
				PRODUCT_NAME = "$(TARGET_NAME)";
				SWIFT_VERSION = 5.0;
			};
			name = Release;
		};
/* End XCBuildConfiguration section */

/* Begin XCConfigurationList section */
		EFFAC01426B0A8DD0099F93C /* Build configuration list for PBXProject "SwiftDSA" */ = {
			isa = XCConfigurationList;
			buildConfigurations = (
				EFFAC01E26B0A8DD0099F93C /* Debug */,
				EFFAC01F26B0A8DD0099F93C /* Release */,
			);
			defaultConfigurationIsVisible = 0;
			defaultConfigurationName = Release;
		};
		EFFAC02026B0A8DD0099F93C /* Build configuration list for PBXNativeTarget "SwiftDSA" */ = {
			isa = XCConfigurationList;
			buildConfigurations = (
				EFFAC02126B0A8DD0099F93C /* Debug */,
				EFFAC02226B0A8DD0099F93C /* Release */,
			);
			defaultConfigurationIsVisible = 0;
			defaultConfigurationName = Release;
		};
/* End XCConfigurationList section */
	};
	rootObject = EFFAC01126B0A8DC0099F93C /* Project object */;
}
